// !$*UTF8*$!
{
	archiveVersion = 1;
	classes = {
	};
	objectVersion = 50;
	objects = {

/* Begin PBXBuildFile section */
		48A1E8AE2483A1A300E7ACE7 /* AppDelegate.swift in Sources */ = {isa = PBXBuildFile; fileRef = 48A1E8AD2483A1A300E7ACE7 /* AppDelegate.swift */; };
		48A1E8B72483A1A500E7ACE7 /* Assets.xcassets in Resources */ = {isa = PBXBuildFile; fileRef = 48A1E8B62483A1A500E7ACE7 /* Assets.xcassets */; };
		48A1E8BA2483A1A500E7ACE7 /* LaunchScreen.storyboard in Resources */ = {isa = PBXBuildFile; fileRef = 48A1E8B82483A1A500E7ACE7 /* LaunchScreen.storyboard */; };
		48A1E8C52483A1A500E7ACE7 /* simpleappTests.swift in Sources */ = {isa = PBXBuildFile; fileRef = 48A1E8C42483A1A500E7ACE7 /* simpleappTests.swift */; };
		48A1E8D02483A1A500E7ACE7 /* simpleappUITests.swift in Sources */ = {isa = PBXBuildFile; fileRef = 48A1E8CF2483A1A500E7ACE7 /* simpleappUITests.swift */; };
		48A1E8E92483AB7200E7ACE7 /* LoginViewController.swift in Sources */ = {isa = PBXBuildFile; fileRef = 48A1E8E72483AB7200E7ACE7 /* LoginViewController.swift */; };
		48A1E8EA2483AB7200E7ACE7 /* LoginViewController.swift in Sources */ = {isa = PBXBuildFile; fileRef = 48A1E8E72483AB7200E7ACE7 /* LoginViewController.swift */; };
		48A1E8EB2483AB7200E7ACE7 /* LoginViewController.swift in Sources */ = {isa = PBXBuildFile; fileRef = 48A1E8E72483AB7200E7ACE7 /* LoginViewController.swift */; };
		48A1E8EC2483AB7200E7ACE7 /* LoginViewController.xib in Resources */ = {isa = PBXBuildFile; fileRef = 48A1E8E82483AB7200E7ACE7 /* LoginViewController.xib */; };
		48A1E8ED2483AB7200E7ACE7 /* LoginViewController.xib in Resources */ = {isa = PBXBuildFile; fileRef = 48A1E8E82483AB7200E7ACE7 /* LoginViewController.xib */; };
		48A1E8EE2483AB7200E7ACE7 /* LoginViewController.xib in Resources */ = {isa = PBXBuildFile; fileRef = 48A1E8E82483AB7200E7ACE7 /* LoginViewController.xib */; };
		48A1E8F02483ABA600E7ACE7 /* AppRouter.swift in Sources */ = {isa = PBXBuildFile; fileRef = 48A1E8EF2483ABA600E7ACE7 /* AppRouter.swift */; };
		48A1E8F12483ABA600E7ACE7 /* AppRouter.swift in Sources */ = {isa = PBXBuildFile; fileRef = 48A1E8EF2483ABA600E7ACE7 /* AppRouter.swift */; };
		48A1E8F22483ABA600E7ACE7 /* AppRouter.swift in Sources */ = {isa = PBXBuildFile; fileRef = 48A1E8EF2483ABA600E7ACE7 /* AppRouter.swift */; };
		48A1E8F62483F7E700E7ACE7 /* MainTabbar.swift in Sources */ = {isa = PBXBuildFile; fileRef = 48A1E8F52483F7E700E7ACE7 /* MainTabbar.swift */; };
		48A1E8F72483F7E700E7ACE7 /* MainTabbar.swift in Sources */ = {isa = PBXBuildFile; fileRef = 48A1E8F52483F7E700E7ACE7 /* MainTabbar.swift */; };
		48A1E8F82483F7E700E7ACE7 /* MainTabbar.swift in Sources */ = {isa = PBXBuildFile; fileRef = 48A1E8F52483F7E700E7ACE7 /* MainTabbar.swift */; };
		48A1E8FB2483F82E00E7ACE7 /* BaseViewController.swift in Sources */ = {isa = PBXBuildFile; fileRef = 48A1E8F92483F82E00E7ACE7 /* BaseViewController.swift */; };
		48A1E8FC2483F82E00E7ACE7 /* BaseViewController.swift in Sources */ = {isa = PBXBuildFile; fileRef = 48A1E8F92483F82E00E7ACE7 /* BaseViewController.swift */; };
		48A1E8FD2483F82E00E7ACE7 /* BaseViewController.swift in Sources */ = {isa = PBXBuildFile; fileRef = 48A1E8F92483F82E00E7ACE7 /* BaseViewController.swift */; };
		48A1E8FE2483F82E00E7ACE7 /* BaseViewController.xib in Resources */ = {isa = PBXBuildFile; fileRef = 48A1E8FA2483F82E00E7ACE7 /* BaseViewController.xib */; };
		48A1E8FF2483F82E00E7ACE7 /* BaseViewController.xib in Resources */ = {isa = PBXBuildFile; fileRef = 48A1E8FA2483F82E00E7ACE7 /* BaseViewController.xib */; };
		48A1E9002483F82E00E7ACE7 /* BaseViewController.xib in Resources */ = {isa = PBXBuildFile; fileRef = 48A1E8FA2483F82E00E7ACE7 /* BaseViewController.xib */; };
		48A1E9032483F83C00E7ACE7 /* HomeViewController.swift in Sources */ = {isa = PBXBuildFile; fileRef = 48A1E9012483F83C00E7ACE7 /* HomeViewController.swift */; };
		48A1E9042483F83C00E7ACE7 /* HomeViewController.swift in Sources */ = {isa = PBXBuildFile; fileRef = 48A1E9012483F83C00E7ACE7 /* HomeViewController.swift */; };
		48A1E9052483F83C00E7ACE7 /* HomeViewController.swift in Sources */ = {isa = PBXBuildFile; fileRef = 48A1E9012483F83C00E7ACE7 /* HomeViewController.swift */; };
		48A1E9062483F83C00E7ACE7 /* HomeViewController.xib in Resources */ = {isa = PBXBuildFile; fileRef = 48A1E9022483F83C00E7ACE7 /* HomeViewController.xib */; };
		48A1E9072483F83C00E7ACE7 /* HomeViewController.xib in Resources */ = {isa = PBXBuildFile; fileRef = 48A1E9022483F83C00E7ACE7 /* HomeViewController.xib */; };
		48A1E9082483F83C00E7ACE7 /* HomeViewController.xib in Resources */ = {isa = PBXBuildFile; fileRef = 48A1E9022483F83C00E7ACE7 /* HomeViewController.xib */; };
		48A1E90C2483F89A00E7ACE7 /* MovieViewController.swift in Sources */ = {isa = PBXBuildFile; fileRef = 48A1E90A2483F89A00E7ACE7 /* MovieViewController.swift */; };
		48A1E90D2483F89A00E7ACE7 /* MovieViewController.swift in Sources */ = {isa = PBXBuildFile; fileRef = 48A1E90A2483F89A00E7ACE7 /* MovieViewController.swift */; };
		48A1E90E2483F89A00E7ACE7 /* MovieViewController.swift in Sources */ = {isa = PBXBuildFile; fileRef = 48A1E90A2483F89A00E7ACE7 /* MovieViewController.swift */; };
		48A1E90F2483F89A00E7ACE7 /* MovieViewController.xib in Resources */ = {isa = PBXBuildFile; fileRef = 48A1E90B2483F89A00E7ACE7 /* MovieViewController.xib */; };
		48A1E9102483F89A00E7ACE7 /* MovieViewController.xib in Resources */ = {isa = PBXBuildFile; fileRef = 48A1E90B2483F89A00E7ACE7 /* MovieViewController.xib */; };
		48A1E9112483F89A00E7ACE7 /* MovieViewController.xib in Resources */ = {isa = PBXBuildFile; fileRef = 48A1E90B2483F89A00E7ACE7 /* MovieViewController.xib */; };
/* End PBXBuildFile section */

/* Begin PBXContainerItemProxy section */
		48A1E8C12483A1A500E7ACE7 /* PBXContainerItemProxy */ = {
			isa = PBXContainerItemProxy;
			containerPortal = 48A1E8A22483A1A300E7ACE7 /* Project object */;
			proxyType = 1;
			remoteGlobalIDString = 48A1E8A92483A1A300E7ACE7;
			remoteInfo = simpleapp;
		};
		48A1E8CC2483A1A500E7ACE7 /* PBXContainerItemProxy */ = {
			isa = PBXContainerItemProxy;
			containerPortal = 48A1E8A22483A1A300E7ACE7 /* Project object */;
			proxyType = 1;
			remoteGlobalIDString = 48A1E8A92483A1A300E7ACE7;
			remoteInfo = simpleapp;
		};
/* End PBXContainerItemProxy section */

/* Begin PBXFileReference section */
		48A1E8AA2483A1A300E7ACE7 /* simpleapp.app */ = {isa = PBXFileReference; explicitFileType = wrapper.application; includeInIndex = 0; path = simpleapp.app; sourceTree = BUILT_PRODUCTS_DIR; };
		48A1E8AD2483A1A300E7ACE7 /* AppDelegate.swift */ = {isa = PBXFileReference; lastKnownFileType = sourcecode.swift; path = AppDelegate.swift; sourceTree = "<group>"; };
		48A1E8B62483A1A500E7ACE7 /* Assets.xcassets */ = {isa = PBXFileReference; lastKnownFileType = folder.assetcatalog; path = Assets.xcassets; sourceTree = "<group>"; };
		48A1E8B92483A1A500E7ACE7 /* Base */ = {isa = PBXFileReference; lastKnownFileType = file.storyboard; name = Base; path = Base.lproj/LaunchScreen.storyboard; sourceTree = "<group>"; };
		48A1E8BB2483A1A500E7ACE7 /* Info.plist */ = {isa = PBXFileReference; lastKnownFileType = text.plist.xml; path = Info.plist; sourceTree = "<group>"; };
		48A1E8C02483A1A500E7ACE7 /* simpleappTests.xctest */ = {isa = PBXFileReference; explicitFileType = wrapper.cfbundle; includeInIndex = 0; path = simpleappTests.xctest; sourceTree = BUILT_PRODUCTS_DIR; };
		48A1E8C42483A1A500E7ACE7 /* simpleappTests.swift */ = {isa = PBXFileReference; lastKnownFileType = sourcecode.swift; path = simpleappTests.swift; sourceTree = "<group>"; };
		48A1E8C62483A1A500E7ACE7 /* Info.plist */ = {isa = PBXFileReference; lastKnownFileType = text.plist.xml; path = Info.plist; sourceTree = "<group>"; };
		48A1E8CB2483A1A500E7ACE7 /* simpleappUITests.xctest */ = {isa = PBXFileReference; explicitFileType = wrapper.cfbundle; includeInIndex = 0; path = simpleappUITests.xctest; sourceTree = BUILT_PRODUCTS_DIR; };
		48A1E8CF2483A1A500E7ACE7 /* simpleappUITests.swift */ = {isa = PBXFileReference; lastKnownFileType = sourcecode.swift; path = simpleappUITests.swift; sourceTree = "<group>"; };
		48A1E8D12483A1A500E7ACE7 /* Info.plist */ = {isa = PBXFileReference; lastKnownFileType = text.plist.xml; path = Info.plist; sourceTree = "<group>"; };
		48A1E8E72483AB7200E7ACE7 /* LoginViewController.swift */ = {isa = PBXFileReference; lastKnownFileType = sourcecode.swift; path = LoginViewController.swift; sourceTree = "<group>"; };
		48A1E8E82483AB7200E7ACE7 /* LoginViewController.xib */ = {isa = PBXFileReference; lastKnownFileType = file.xib; path = LoginViewController.xib; sourceTree = "<group>"; };
		48A1E8EF2483ABA600E7ACE7 /* AppRouter.swift */ = {isa = PBXFileReference; lastKnownFileType = sourcecode.swift; path = AppRouter.swift; sourceTree = "<group>"; };
		48A1E8F52483F7E700E7ACE7 /* MainTabbar.swift */ = {isa = PBXFileReference; lastKnownFileType = sourcecode.swift; path = MainTabbar.swift; sourceTree = "<group>"; };
		48A1E8F92483F82E00E7ACE7 /* BaseViewController.swift */ = {isa = PBXFileReference; lastKnownFileType = sourcecode.swift; path = BaseViewController.swift; sourceTree = "<group>"; };
		48A1E8FA2483F82E00E7ACE7 /* BaseViewController.xib */ = {isa = PBXFileReference; lastKnownFileType = file.xib; path = BaseViewController.xib; sourceTree = "<group>"; };
		48A1E9012483F83C00E7ACE7 /* HomeViewController.swift */ = {isa = PBXFileReference; lastKnownFileType = sourcecode.swift; path = HomeViewController.swift; sourceTree = "<group>"; };
		48A1E9022483F83C00E7ACE7 /* HomeViewController.xib */ = {isa = PBXFileReference; lastKnownFileType = file.xib; path = HomeViewController.xib; sourceTree = "<group>"; };
		48A1E90A2483F89A00E7ACE7 /* MovieViewController.swift */ = {isa = PBXFileReference; lastKnownFileType = sourcecode.swift; path = MovieViewController.swift; sourceTree = "<group>"; };
		48A1E90B2483F89A00E7ACE7 /* MovieViewController.xib */ = {isa = PBXFileReference; lastKnownFileType = file.xib; path = MovieViewController.xib; sourceTree = "<group>"; };
/* End PBXFileReference section */

/* Begin PBXFrameworksBuildPhase section */
		48A1E8A72483A1A300E7ACE7 /* Frameworks */ = {
			isa = PBXFrameworksBuildPhase;
			buildActionMask = 2147483647;
			files = (
			);
			runOnlyForDeploymentPostprocessing = 0;
		};
		48A1E8BD2483A1A500E7ACE7 /* Frameworks */ = {
			isa = PBXFrameworksBuildPhase;
			buildActionMask = 2147483647;
			files = (
			);
			runOnlyForDeploymentPostprocessing = 0;
		};
		48A1E8C82483A1A500E7ACE7 /* Frameworks */ = {
			isa = PBXFrameworksBuildPhase;
			buildActionMask = 2147483647;
			files = (
			);
			runOnlyForDeploymentPostprocessing = 0;
		};
/* End PBXFrameworksBuildPhase section */

/* Begin PBXGroup section */
		48A1E8A12483A1A300E7ACE7 = {
			isa = PBXGroup;
			children = (
				48A1E8AC2483A1A300E7ACE7 /* simpleapp */,
				48A1E8C32483A1A500E7ACE7 /* simpleappTests */,
				48A1E8CE2483A1A500E7ACE7 /* simpleappUITests */,
				48A1E8AB2483A1A300E7ACE7 /* Products */,
			);
			sourceTree = "<group>";
		};
		48A1E8AB2483A1A300E7ACE7 /* Products */ = {
			isa = PBXGroup;
			children = (
				48A1E8AA2483A1A300E7ACE7 /* simpleapp.app */,
				48A1E8C02483A1A500E7ACE7 /* simpleappTests.xctest */,
				48A1E8CB2483A1A500E7ACE7 /* simpleappUITests.xctest */,
			);
			name = Products;
			sourceTree = "<group>";
		};
		48A1E8AC2483A1A300E7ACE7 /* simpleapp */ = {
			isa = PBXGroup;
			children = (
				48A1E8E22483A79900E7ACE7 /* Services */,
				48A1E8E12483A78C00E7ACE7 /* Common */,
				48A1E8E52483A7DE00E7ACE7 /* Models */,
				48A1E8DF2483A76100E7ACE7 /* Views */,
				48A1E8DE2483A75800E7ACE7 /* Controllers */,
				48A1E8E02483A78000E7ACE7 /* Resources */,
				48A1E8E32483A7AC00E7ACE7 /* Launch */,
				48A1E8BB2483A1A500E7ACE7 /* Info.plist */,
			);
			path = simpleapp;
			sourceTree = "<group>";
		};
		48A1E8C32483A1A500E7ACE7 /* simpleappTests */ = {
			isa = PBXGroup;
			children = (
				48A1E8C42483A1A500E7ACE7 /* simpleappTests.swift */,
				48A1E8C62483A1A500E7ACE7 /* Info.plist */,
			);
			path = simpleappTests;
			sourceTree = "<group>";
		};
		48A1E8CE2483A1A500E7ACE7 /* simpleappUITests */ = {
			isa = PBXGroup;
			children = (
				48A1E8CF2483A1A500E7ACE7 /* simpleappUITests.swift */,
				48A1E8D12483A1A500E7ACE7 /* Info.plist */,
			);
			path = simpleappUITests;
			sourceTree = "<group>";
		};
		48A1E8DD2483A74800E7ACE7 /* Helper */ = {
			isa = PBXGroup;
			children = (
				48A1E8EF2483ABA600E7ACE7 /* AppRouter.swift */,
				48A1E8F52483F7E700E7ACE7 /* MainTabbar.swift */,
			);
			path = Helper;
			sourceTree = "<group>";
		};
		48A1E8DE2483A75800E7ACE7 /* Controllers */ = {
			isa = PBXGroup;
			children = (
				48A1E8F42483AF6900E7ACE7 /* Base */,
				48A1E8F32483AF6200E7ACE7 /* Home */,
				48A1E9092483F88500E7ACE7 /* Movie */,
				48A1E8E62483A95700E7ACE7 /* Login */,
			);
			path = Controllers;
			sourceTree = "<group>";
		};
		48A1E8DF2483A76100E7ACE7 /* Views */ = {
			isa = PBXGroup;
			children = (
			);
			path = Views;
			sourceTree = "<group>";
		};
		48A1E8E02483A78000E7ACE7 /* Resources */ = {
			isa = PBXGroup;
			children = (
				48A1E8B62483A1A500E7ACE7 /* Assets.xcassets */,
			);
			path = Resources;
			sourceTree = "<group>";
		};
		48A1E8E12483A78C00E7ACE7 /* Common */ = {
			isa = PBXGroup;
			children = (
				48A1E8E42483A7C700E7ACE7 /* Extensions */,
				48A1E8DD2483A74800E7ACE7 /* Helper */,
			);
			path = Common;
			sourceTree = "<group>";
		};
		48A1E8E22483A79900E7ACE7 /* Services */ = {
			isa = PBXGroup;
			children = (
			);
			path = Services;
			sourceTree = "<group>";
		};
		48A1E8E32483A7AC00E7ACE7 /* Launch */ = {
			isa = PBXGroup;
			children = (
				48A1E8B82483A1A500E7ACE7 /* LaunchScreen.storyboard */,
				48A1E8AD2483A1A300E7ACE7 /* AppDelegate.swift */,
			);
			path = Launch;
			sourceTree = "<group>";
		};
		48A1E8E42483A7C700E7ACE7 /* Extensions */ = {
			isa = PBXGroup;
			children = (
			);
			path = Extensions;
			sourceTree = "<group>";
		};
		48A1E8E52483A7DE00E7ACE7 /* Models */ = {
			isa = PBXGroup;
			children = (
			);
			path = Models;
			sourceTree = "<group>";
		};
		48A1E8E62483A95700E7ACE7 /* Login */ = {
			isa = PBXGroup;
			children = (
				48A1E8E72483AB7200E7ACE7 /* LoginViewController.swift */,
				48A1E8E82483AB7200E7ACE7 /* LoginViewController.xib */,
			);
			path = Login;
			sourceTree = "<group>";
		};
		48A1E8F32483AF6200E7ACE7 /* Home */ = {
			isa = PBXGroup;
			children = (
				48A1E9012483F83C00E7ACE7 /* HomeViewController.swift */,
				48A1E9022483F83C00E7ACE7 /* HomeViewController.xib */,
			);
			path = Home;
			sourceTree = "<group>";
		};
		48A1E8F42483AF6900E7ACE7 /* Base */ = {
			isa = PBXGroup;
			children = (
				48A1E8F92483F82E00E7ACE7 /* BaseViewController.swift */,
				48A1E8FA2483F82E00E7ACE7 /* BaseViewController.xib */,
			);
			path = Base;
			sourceTree = "<group>";
		};
		48A1E9092483F88500E7ACE7 /* Movie */ = {
			isa = PBXGroup;
			children = (
				48A1E90A2483F89A00E7ACE7 /* MovieViewController.swift */,
				48A1E90B2483F89A00E7ACE7 /* MovieViewController.xib */,
			);
			path = Movie;
			sourceTree = "<group>";
		};
/* End PBXGroup section */

/* Begin PBXNativeTarget section */
		48A1E8A92483A1A300E7ACE7 /* simpleapp */ = {
			isa = PBXNativeTarget;
			buildConfigurationList = 48A1E8D42483A1A500E7ACE7 /* Build configuration list for PBXNativeTarget "simpleapp" */;
			buildPhases = (
				48A1E8A62483A1A300E7ACE7 /* Sources */,
				48A1E8A72483A1A300E7ACE7 /* Frameworks */,
				48A1E8A82483A1A300E7ACE7 /* Resources */,
			);
			buildRules = (
			);
			dependencies = (
			);
			name = simpleapp;
			productName = simpleapp;
			productReference = 48A1E8AA2483A1A300E7ACE7 /* simpleapp.app */;
			productType = "com.apple.product-type.application";
		};
		48A1E8BF2483A1A500E7ACE7 /* simpleappTests */ = {
			isa = PBXNativeTarget;
			buildConfigurationList = 48A1E8D72483A1A500E7ACE7 /* Build configuration list for PBXNativeTarget "simpleappTests" */;
			buildPhases = (
				48A1E8BC2483A1A500E7ACE7 /* Sources */,
				48A1E8BD2483A1A500E7ACE7 /* Frameworks */,
				48A1E8BE2483A1A500E7ACE7 /* Resources */,
			);
			buildRules = (
			);
			dependencies = (
				48A1E8C22483A1A500E7ACE7 /* PBXTargetDependency */,
			);
			name = simpleappTests;
			productName = simpleappTests;
			productReference = 48A1E8C02483A1A500E7ACE7 /* simpleappTests.xctest */;
			productType = "com.apple.product-type.bundle.unit-test";
		};
		48A1E8CA2483A1A500E7ACE7 /* simpleappUITests */ = {
			isa = PBXNativeTarget;
			buildConfigurationList = 48A1E8DA2483A1A500E7ACE7 /* Build configuration list for PBXNativeTarget "simpleappUITests" */;
			buildPhases = (
				48A1E8C72483A1A500E7ACE7 /* Sources */,
				48A1E8C82483A1A500E7ACE7 /* Frameworks */,
				48A1E8C92483A1A500E7ACE7 /* Resources */,
			);
			buildRules = (
			);
			dependencies = (
				48A1E8CD2483A1A500E7ACE7 /* PBXTargetDependency */,
			);
			name = simpleappUITests;
			productName = simpleappUITests;
			productReference = 48A1E8CB2483A1A500E7ACE7 /* simpleappUITests.xctest */;
			productType = "com.apple.product-type.bundle.ui-testing";
		};
/* End PBXNativeTarget section */

/* Begin PBXProject section */
		48A1E8A22483A1A300E7ACE7 /* Project object */ = {
			isa = PBXProject;
			attributes = {
				LastSwiftUpdateCheck = 1120;
				LastUpgradeCheck = 1120;
				ORGANIZATIONNAME = "VITALIFY ASIA";
				TargetAttributes = {
					48A1E8A92483A1A300E7ACE7 = {
						CreatedOnToolsVersion = 11.2.1;
					};
					48A1E8BF2483A1A500E7ACE7 = {
						CreatedOnToolsVersion = 11.2.1;
						TestTargetID = 48A1E8A92483A1A300E7ACE7;
					};
					48A1E8CA2483A1A500E7ACE7 = {
						CreatedOnToolsVersion = 11.2.1;
						TestTargetID = 48A1E8A92483A1A300E7ACE7;
					};
				};
			};
			buildConfigurationList = 48A1E8A52483A1A300E7ACE7 /* Build configuration list for PBXProject "simpleapp" */;
			compatibilityVersion = "Xcode 9.3";
			developmentRegion = en;
			hasScannedForEncodings = 0;
			knownRegions = (
				en,
				Base,
			);
			mainGroup = 48A1E8A12483A1A300E7ACE7;
			productRefGroup = 48A1E8AB2483A1A300E7ACE7 /* Products */;
			projectDirPath = "";
			projectRoot = "";
			targets = (
				48A1E8A92483A1A300E7ACE7 /* simpleapp */,
				48A1E8BF2483A1A500E7ACE7 /* simpleappTests */,
				48A1E8CA2483A1A500E7ACE7 /* simpleappUITests */,
			);
		};
/* End PBXProject section */

/* Begin PBXResourcesBuildPhase section */
		48A1E8A82483A1A300E7ACE7 /* Resources */ = {
			isa = PBXResourcesBuildPhase;
			buildActionMask = 2147483647;
			files = (
				48A1E8BA2483A1A500E7ACE7 /* LaunchScreen.storyboard in Resources */,
				48A1E8FE2483F82E00E7ACE7 /* BaseViewController.xib in Resources */,
				48A1E9062483F83C00E7ACE7 /* HomeViewController.xib in Resources */,
				48A1E90F2483F89A00E7ACE7 /* MovieViewController.xib in Resources */,
				48A1E8B72483A1A500E7ACE7 /* Assets.xcassets in Resources */,
				48A1E8EC2483AB7200E7ACE7 /* LoginViewController.xib in Resources */,
			);
			runOnlyForDeploymentPostprocessing = 0;
		};
		48A1E8BE2483A1A500E7ACE7 /* Resources */ = {
			isa = PBXResourcesBuildPhase;
			buildActionMask = 2147483647;
			files = (
				48A1E8ED2483AB7200E7ACE7 /* LoginViewController.xib in Resources */,
				48A1E8FF2483F82E00E7ACE7 /* BaseViewController.xib in Resources */,
				48A1E9072483F83C00E7ACE7 /* HomeViewController.xib in Resources */,
				48A1E9102483F89A00E7ACE7 /* MovieViewController.xib in Resources */,
			);
			runOnlyForDeploymentPostprocessing = 0;
		};
		48A1E8C92483A1A500E7ACE7 /* Resources */ = {
			isa = PBXResourcesBuildPhase;
			buildActionMask = 2147483647;
			files = (
				48A1E8EE2483AB7200E7ACE7 /* LoginViewController.xib in Resources */,
				48A1E9002483F82E00E7ACE7 /* BaseViewController.xib in Resources */,
				48A1E9082483F83C00E7ACE7 /* HomeViewController.xib in Resources */,
				48A1E9112483F89A00E7ACE7 /* MovieViewController.xib in Resources */,
			);
			runOnlyForDeploymentPostprocessing = 0;
		};
/* End PBXResourcesBuildPhase section */

/* Begin PBXSourcesBuildPhase section */
		48A1E8A62483A1A300E7ACE7 /* Sources */ = {
			isa = PBXSourcesBuildPhase;
			buildActionMask = 2147483647;
			files = (
				48A1E8FB2483F82E00E7ACE7 /* BaseViewController.swift in Sources */,
				48A1E90C2483F89A00E7ACE7 /* MovieViewController.swift in Sources */,
				48A1E8F62483F7E700E7ACE7 /* MainTabbar.swift in Sources */,
				48A1E8E92483AB7200E7ACE7 /* LoginViewController.swift in Sources */,
				48A1E8AE2483A1A300E7ACE7 /* AppDelegate.swift in Sources */,
				48A1E8F02483ABA600E7ACE7 /* AppRouter.swift in Sources */,
				48A1E9032483F83C00E7ACE7 /* HomeViewController.swift in Sources */,
			);
			runOnlyForDeploymentPostprocessing = 0;
		};
		48A1E8BC2483A1A500E7ACE7 /* Sources */ = {
			isa = PBXSourcesBuildPhase;
			buildActionMask = 2147483647;
			files = (
				48A1E8FC2483F82E00E7ACE7 /* BaseViewController.swift in Sources */,
				48A1E90D2483F89A00E7ACE7 /* MovieViewController.swift in Sources */,
				48A1E8F72483F7E700E7ACE7 /* MainTabbar.swift in Sources */,
				48A1E8EA2483AB7200E7ACE7 /* LoginViewController.swift in Sources */,
				48A1E8C52483A1A500E7ACE7 /* simpleappTests.swift in Sources */,
				48A1E8F12483ABA600E7ACE7 /* AppRouter.swift in Sources */,
				48A1E9042483F83C00E7ACE7 /* HomeViewController.swift in Sources */,
			);
			runOnlyForDeploymentPostprocessing = 0;
		};
		48A1E8C72483A1A500E7ACE7 /* Sources */ = {
			isa = PBXSourcesBuildPhase;
			buildActionMask = 2147483647;
			files = (
				48A1E8FD2483F82E00E7ACE7 /* BaseViewController.swift in Sources */,
				48A1E90E2483F89A00E7ACE7 /* MovieViewController.swift in Sources */,
				48A1E8F82483F7E700E7ACE7 /* MainTabbar.swift in Sources */,
				48A1E8EB2483AB7200E7ACE7 /* LoginViewController.swift in Sources */,
				48A1E8D02483A1A500E7ACE7 /* simpleappUITests.swift in Sources */,
				48A1E8F22483ABA600E7ACE7 /* AppRouter.swift in Sources */,
				48A1E9052483F83C00E7ACE7 /* HomeViewController.swift in Sources */,
			);
			runOnlyForDeploymentPostprocessing = 0;
		};
/* End PBXSourcesBuildPhase section */

/* Begin PBXTargetDependency section */
		48A1E8C22483A1A500E7ACE7 /* PBXTargetDependency */ = {
			isa = PBXTargetDependency;
			target = 48A1E8A92483A1A300E7ACE7 /* simpleapp */;
			targetProxy = 48A1E8C12483A1A500E7ACE7 /* PBXContainerItemProxy */;
		};
		48A1E8CD2483A1A500E7ACE7 /* PBXTargetDependency */ = {
			isa = PBXTargetDependency;
			target = 48A1E8A92483A1A300E7ACE7 /* simpleapp */;
			targetProxy = 48A1E8CC2483A1A500E7ACE7 /* PBXContainerItemProxy */;
		};
/* End PBXTargetDependency section */

/* Begin PBXVariantGroup section */
		48A1E8B82483A1A500E7ACE7 /* LaunchScreen.storyboard */ = {
			isa = PBXVariantGroup;
			children = (
				48A1E8B92483A1A500E7ACE7 /* Base */,
			);
			name = LaunchScreen.storyboard;
			sourceTree = "<group>";
		};
/* End PBXVariantGroup section */

/* Begin XCBuildConfiguration section */
		48A1E8D22483A1A500E7ACE7 /* Debug */ = {
			isa = XCBuildConfiguration;
			buildSettings = {
				ALWAYS_SEARCH_USER_PATHS = NO;
				CLANG_ANALYZER_NONNULL = YES;
				CLANG_ANALYZER_NUMBER_OBJECT_CONVERSION = YES_AGGRESSIVE;
				CLANG_CXX_LANGUAGE_STANDARD = "gnu++14";
				CLANG_CXX_LIBRARY = "libc++";
				CLANG_ENABLE_MODULES = YES;
				CLANG_ENABLE_OBJC_ARC = YES;
				CLANG_ENABLE_OBJC_WEAK = YES;
				CLANG_WARN_BLOCK_CAPTURE_AUTORELEASING = YES;
				CLANG_WARN_BOOL_CONVERSION = YES;
				CLANG_WARN_COMMA = YES;
				CLANG_WARN_CONSTANT_CONVERSION = YES;
				CLANG_WARN_DEPRECATED_OBJC_IMPLEMENTATIONS = YES;
				CLANG_WARN_DIRECT_OBJC_ISA_USAGE = YES_ERROR;
				CLANG_WARN_DOCUMENTATION_COMMENTS = YES;
				CLANG_WARN_EMPTY_BODY = YES;
				CLANG_WARN_ENUM_CONVERSION = YES;
				CLANG_WARN_INFINITE_RECURSION = YES;
				CLANG_WARN_INT_CONVERSION = YES;
				CLANG_WARN_NON_LITERAL_NULL_CONVERSION = YES;
				CLANG_WARN_OBJC_IMPLICIT_RETAIN_SELF = YES;
				CLANG_WARN_OBJC_LITERAL_CONVERSION = YES;
				CLANG_WARN_OBJC_ROOT_CLASS = YES_ERROR;
				CLANG_WARN_RANGE_LOOP_ANALYSIS = YES;
				CLANG_WARN_STRICT_PROTOTYPES = YES;
				CLANG_WARN_SUSPICIOUS_MOVE = YES;
				CLANG_WARN_UNGUARDED_AVAILABILITY = YES_AGGRESSIVE;
				CLANG_WARN_UNREACHABLE_CODE = YES;
				CLANG_WARN__DUPLICATE_METHOD_MATCH = YES;
				COPY_PHASE_STRIP = NO;
				DEBUG_INFORMATION_FORMAT = dwarf;
				ENABLE_STRICT_OBJC_MSGSEND = YES;
				ENABLE_TESTABILITY = YES;
				GCC_C_LANGUAGE_STANDARD = gnu11;
				GCC_DYNAMIC_NO_PIC = NO;
				GCC_NO_COMMON_BLOCKS = YES;
				GCC_OPTIMIZATION_LEVEL = 0;
				GCC_PREPROCESSOR_DEFINITIONS = (
					"DEBUG=1",
					"$(inherited)",
				);
				GCC_WARN_64_TO_32_BIT_CONVERSION = YES;
				GCC_WARN_ABOUT_RETURN_TYPE = YES_ERROR;
				GCC_WARN_UNDECLARED_SELECTOR = YES;
				GCC_WARN_UNINITIALIZED_AUTOS = YES_AGGRESSIVE;
				GCC_WARN_UNUSED_FUNCTION = YES;
				GCC_WARN_UNUSED_VARIABLE = YES;
				IPHONEOS_DEPLOYMENT_TARGET = 13.2;
				MTL_ENABLE_DEBUG_INFO = INCLUDE_SOURCE;
				MTL_FAST_MATH = YES;
				ONLY_ACTIVE_ARCH = YES;
				SDKROOT = iphoneos;
				SWIFT_ACTIVE_COMPILATION_CONDITIONS = DEBUG;
				SWIFT_OPTIMIZATION_LEVEL = "-Onone";
			};
			name = Debug;
		};
		48A1E8D32483A1A500E7ACE7 /* Release */ = {
			isa = XCBuildConfiguration;
			buildSettings = {
				ALWAYS_SEARCH_USER_PATHS = NO;
				CLANG_ANALYZER_NONNULL = YES;
				CLANG_ANALYZER_NUMBER_OBJECT_CONVERSION = YES_AGGRESSIVE;
				CLANG_CXX_LANGUAGE_STANDARD = "gnu++14";
				CLANG_CXX_LIBRARY = "libc++";
				CLANG_ENABLE_MODULES = YES;
				CLANG_ENABLE_OBJC_ARC = YES;
				CLANG_ENABLE_OBJC_WEAK = YES;
				CLANG_WARN_BLOCK_CAPTURE_AUTORELEASING = YES;
				CLANG_WARN_BOOL_CONVERSION = YES;
				CLANG_WARN_COMMA = YES;
				CLANG_WARN_CONSTANT_CONVERSION = YES;
				CLANG_WARN_DEPRECATED_OBJC_IMPLEMENTATIONS = YES;
				CLANG_WARN_DIRECT_OBJC_ISA_USAGE = YES_ERROR;
				CLANG_WARN_DOCUMENTATION_COMMENTS = YES;
				CLANG_WARN_EMPTY_BODY = YES;
				CLANG_WARN_ENUM_CONVERSION = YES;
				CLANG_WARN_INFINITE_RECURSION = YES;
				CLANG_WARN_INT_CONVERSION = YES;
				CLANG_WARN_NON_LITERAL_NULL_CONVERSION = YES;
				CLANG_WARN_OBJC_IMPLICIT_RETAIN_SELF = YES;
				CLANG_WARN_OBJC_LITERAL_CONVERSION = YES;
				CLANG_WARN_OBJC_ROOT_CLASS = YES_ERROR;
				CLANG_WARN_RANGE_LOOP_ANALYSIS = YES;
				CLANG_WARN_STRICT_PROTOTYPES = YES;
				CLANG_WARN_SUSPICIOUS_MOVE = YES;
				CLANG_WARN_UNGUARDED_AVAILABILITY = YES_AGGRESSIVE;
				CLANG_WARN_UNREACHABLE_CODE = YES;
				CLANG_WARN__DUPLICATE_METHOD_MATCH = YES;
				COPY_PHASE_STRIP = NO;
				DEBUG_INFORMATION_FORMAT = "dwarf-with-dsym";
				ENABLE_NS_ASSERTIONS = NO;
				ENABLE_STRICT_OBJC_MSGSEND = YES;
				GCC_C_LANGUAGE_STANDARD = gnu11;
				GCC_NO_COMMON_BLOCKS = YES;
				GCC_WARN_64_TO_32_BIT_CONVERSION = YES;
				GCC_WARN_ABOUT_RETURN_TYPE = YES_ERROR;
				GCC_WARN_UNDECLARED_SELECTOR = YES;
				GCC_WARN_UNINITIALIZED_AUTOS = YES_AGGRESSIVE;
				GCC_WARN_UNUSED_FUNCTION = YES;
				GCC_WARN_UNUSED_VARIABLE = YES;
				IPHONEOS_DEPLOYMENT_TARGET = 13.2;
				MTL_ENABLE_DEBUG_INFO = NO;
				MTL_FAST_MATH = YES;
				SDKROOT = iphoneos;
				SWIFT_COMPILATION_MODE = wholemodule;
				SWIFT_OPTIMIZATION_LEVEL = "-O";
				VALIDATE_PRODUCT = YES;
			};
			name = Release;
		};
		48A1E8D52483A1A500E7ACE7 /* Debug */ = {
			isa = XCBuildConfiguration;
			buildSettings = {
				ASSETCATALOG_COMPILER_APPICON_NAME = AppIcon;
				CODE_SIGN_IDENTITY = "iPhone Developer";
				CODE_SIGN_STYLE = Manual;
				DEVELOPMENT_TEAM = 52LV6A2Q7J;
				INFOPLIST_FILE = simpleapp/Info.plist;
				IPHONEOS_DEPLOYMENT_TARGET = 10.0;
				LD_RUNPATH_SEARCH_PATHS = (
					"$(inherited)",
					"@executable_path/Frameworks",
				);
				PRODUCT_BUNDLE_IDENTIFIER = asia.vitalify.simpleapp;
				PRODUCT_NAME = "$(TARGET_NAME)";
				PROVISIONING_PROFILE_SPECIFIER = SimpleApp;
				SWIFT_VERSION = 5.0;
				TARGETED_DEVICE_FAMILY = "1,2";
			};
			name = Debug;
		};
		48A1E8D62483A1A500E7ACE7 /* Release */ = {
			isa = XCBuildConfiguration;
			buildSettings = {
				ASSETCATALOG_COMPILER_APPICON_NAME = AppIcon;
				CODE_SIGN_IDENTITY = "iPhone Developer";
				CODE_SIGN_STYLE = Manual;
				DEVELOPMENT_TEAM = 52LV6A2Q7J;
				INFOPLIST_FILE = simpleapp/Info.plist;
				IPHONEOS_DEPLOYMENT_TARGET = 10.0;
				LD_RUNPATH_SEARCH_PATHS = (
					"$(inherited)",
					"@executable_path/Frameworks",
				);
				PRODUCT_BUNDLE_IDENTIFIER = asia.vitalify.simpleapp;
				PRODUCT_NAME = "$(TARGET_NAME)";
				PROVISIONING_PROFILE_SPECIFIER = SimpleApp;
				SWIFT_VERSION = 5.0;
				TARGETED_DEVICE_FAMILY = "1,2";
			};
			name = Release;
		};
		48A1E8D82483A1A500E7ACE7 /* Debug */ = {
			isa = XCBuildConfiguration;
			buildSettings = {
				ALWAYS_EMBED_SWIFT_STANDARD_LIBRARIES = YES;
				BUNDLE_LOADER = "$(TEST_HOST)";
				CODE_SIGN_STYLE = Automatic;
				DEVELOPMENT_TEAM = 52LV6A2Q7J;
				INFOPLIST_FILE = simpleappTests/Info.plist;
				IPHONEOS_DEPLOYMENT_TARGET = 13.2;
				LD_RUNPATH_SEARCH_PATHS = (
					"$(inherited)",
					"@executable_path/Frameworks",
					"@loader_path/Frameworks",
				);
				PRODUCT_BUNDLE_IDENTIFIER = asia.vitalify.simpleappTests;
				PRODUCT_NAME = "$(TARGET_NAME)";
				SWIFT_VERSION = 5.0;
				TARGETED_DEVICE_FAMILY = "1,2";
				TEST_HOST = "$(BUILT_PRODUCTS_DIR)/simpleapp.app/simpleapp";
			};
			name = Debug;
		};
		48A1E8D92483A1A500E7ACE7 /* Release */ = {
			isa = XCBuildConfiguration;
			buildSettings = {
				ALWAYS_EMBED_SWIFT_STANDARD_LIBRARIES = YES;
				BUNDLE_LOADER = "$(TEST_HOST)";
				CODE_SIGN_STYLE = Automatic;
				DEVELOPMENT_TEAM = 52LV6A2Q7J;
				INFOPLIST_FILE = simpleappTests/Info.plist;
				IPHONEOS_DEPLOYMENT_TARGET = 13.2;
				LD_RUNPATH_SEARCH_PATHS = (
					"$(inherited)",
					"@executable_path/Frameworks",
					"@loader_path/Frameworks",
				);
				PRODUCT_BUNDLE_IDENTIFIER = asia.vitalify.simpleappTests;
				PRODUCT_NAME = "$(TARGET_NAME)";
				SWIFT_VERSION = 5.0;
				TARGETED_DEVICE_FAMILY = "1,2";
				TEST_HOST = "$(BUILT_PRODUCTS_DIR)/simpleapp.app/simpleapp";
			};
			name = Release;
		};
		48A1E8DB2483A1A500E7ACE7 /* Debug */ = {
			isa = XCBuildConfiguration;
			buildSettings = {
				ALWAYS_EMBED_SWIFT_STANDARD_LIBRARIES = YES;
				CODE_SIGN_STYLE = Automatic;
				DEVELOPMENT_TEAM = 52LV6A2Q7J;
				INFOPLIST_FILE = simpleappUITests/Info.plist;
				LD_RUNPATH_SEARCH_PATHS = (
					"$(inherited)",
					"@executable_path/Frameworks",
					"@loader_path/Frameworks",
				);
				PRODUCT_BUNDLE_IDENTIFIER = asia.vitalify.simpleappUITests;
				PRODUCT_NAME = "$(TARGET_NAME)";
				SWIFT_VERSION = 5.0;
				TARGETED_DEVICE_FAMILY = "1,2";
				TEST_TARGET_NAME = simpleapp;
			};
			name = Debug;
		};
		48A1E8DC2483A1A500E7ACE7 /* Release */ = {
			isa = XCBuildConfiguration;
			buildSettings = {
				ALWAYS_EMBED_SWIFT_STANDARD_LIBRARIES = YES;
				CODE_SIGN_STYLE = Automatic;
				DEVELOPMENT_TEAM = 52LV6A2Q7J;
				INFOPLIST_FILE = simpleappUITests/Info.plist;
				LD_RUNPATH_SEARCH_PATHS = (
					"$(inherited)",
					"@executable_path/Frameworks",
					"@loader_path/Frameworks",
				);
				PRODUCT_BUNDLE_IDENTIFIER = asia.vitalify.simpleappUITests;
				PRODUCT_NAME = "$(TARGET_NAME)";
				SWIFT_VERSION = 5.0;
				TARGETED_DEVICE_FAMILY = "1,2";
				TEST_TARGET_NAME = simpleapp;
			};
			name = Release;
		};
/* End XCBuildConfiguration section */

/* Begin XCConfigurationList section */
		48A1E8A52483A1A300E7ACE7 /* Build configuration list for PBXProject "simpleapp" */ = {
			isa = XCConfigurationList;
			buildConfigurations = (
				48A1E8D22483A1A500E7ACE7 /* Debug */,
				48A1E8D32483A1A500E7ACE7 /* Release */,
			);
			defaultConfigurationIsVisible = 0;
			defaultConfigurationName = Release;
		};
		48A1E8D42483A1A500E7ACE7 /* Build configuration list for PBXNativeTarget "simpleapp" */ = {
			isa = XCConfigurationList;
			buildConfigurations = (
				48A1E8D52483A1A500E7ACE7 /* Debug */,
				48A1E8D62483A1A500E7ACE7 /* Release */,
			);
			defaultConfigurationIsVisible = 0;
			defaultConfigurationName = Release;
		};
		48A1E8D72483A1A500E7ACE7 /* Build configuration list for PBXNativeTarget "simpleappTests" */ = {
			isa = XCConfigurationList;
			buildConfigurations = (
				48A1E8D82483A1A500E7ACE7 /* Debug */,
				48A1E8D92483A1A500E7ACE7 /* Release */,
			);
			defaultConfigurationIsVisible = 0;
			defaultConfigurationName = Release;
		};
		48A1E8DA2483A1A500E7ACE7 /* Build configuration list for PBXNativeTarget "simpleappUITests" */ = {
			isa = XCConfigurationList;
			buildConfigurations = (
				48A1E8DB2483A1A500E7ACE7 /* Debug */,
				48A1E8DC2483A1A500E7ACE7 /* Release */,
			);
			defaultConfigurationIsVisible = 0;
			defaultConfigurationName = Release;
		};
/* End XCConfigurationList section */
	};
	rootObject = 48A1E8A22483A1A300E7ACE7 /* Project object */;
}
