// !$*UTF8*$!
{
	archiveVersion = 1;
	classes = {
	};
	objectVersion = 50;
	objects = {

/* Begin PBXBuildFile section */
		48675425248A224200F9982E /* UIViewController+Utilities.swift in Sources */ = {isa = PBXBuildFile; fileRef = 48675424248A224200F9982E /* UIViewController+Utilities.swift */; };
		48675426248A224200F9982E /* UIViewController+Utilities.swift in Sources */ = {isa = PBXBuildFile; fileRef = 48675424248A224200F9982E /* UIViewController+Utilities.swift */; };
		48675427248A224200F9982E /* UIViewController+Utilities.swift in Sources */ = {isa = PBXBuildFile; fileRef = 48675424248A224200F9982E /* UIViewController+Utilities.swift */; };
		4867547F248A295400F9982E /* LoginViewController.xib in Resources */ = {isa = PBXBuildFile; fileRef = 4867546A248A295200F9982E /* LoginViewController.xib */; };
		48675480248A295400F9982E /* LoginViewController.xib in Resources */ = {isa = PBXBuildFile; fileRef = 4867546A248A295200F9982E /* LoginViewController.xib */; };
		48675481248A295400F9982E /* LoginViewController.xib in Resources */ = {isa = PBXBuildFile; fileRef = 4867546A248A295200F9982E /* LoginViewController.xib */; };
		48675482248A295400F9982E /* LoginViewController.swift in Sources */ = {isa = PBXBuildFile; fileRef = 4867546B248A295200F9982E /* LoginViewController.swift */; };
		48675483248A295400F9982E /* LoginViewController.swift in Sources */ = {isa = PBXBuildFile; fileRef = 4867546B248A295200F9982E /* LoginViewController.swift */; };
		48675484248A295400F9982E /* LoginViewController.swift in Sources */ = {isa = PBXBuildFile; fileRef = 4867546B248A295200F9982E /* LoginViewController.swift */; };
		48675485248A295400F9982E /* RegistUserViewController.swift in Sources */ = {isa = PBXBuildFile; fileRef = 4867546D248A295200F9982E /* RegistUserViewController.swift */; };
		48675486248A295400F9982E /* RegistUserViewController.swift in Sources */ = {isa = PBXBuildFile; fileRef = 4867546D248A295200F9982E /* RegistUserViewController.swift */; };
		48675487248A295400F9982E /* RegistUserViewController.swift in Sources */ = {isa = PBXBuildFile; fileRef = 4867546D248A295200F9982E /* RegistUserViewController.swift */; };
		48675488248A295400F9982E /* RegistUserViewController.xib in Resources */ = {isa = PBXBuildFile; fileRef = 4867546E248A295200F9982E /* RegistUserViewController.xib */; };
		48675489248A295400F9982E /* RegistUserViewController.xib in Resources */ = {isa = PBXBuildFile; fileRef = 4867546E248A295200F9982E /* RegistUserViewController.xib */; };
		4867548A248A295400F9982E /* RegistUserViewController.xib in Resources */ = {isa = PBXBuildFile; fileRef = 4867546E248A295200F9982E /* RegistUserViewController.xib */; };
		4867548B248A295400F9982E /* HomeViewController.xib in Resources */ = {isa = PBXBuildFile; fileRef = 48675471248A295300F9982E /* HomeViewController.xib */; };
		4867548C248A295400F9982E /* HomeViewController.xib in Resources */ = {isa = PBXBuildFile; fileRef = 48675471248A295300F9982E /* HomeViewController.xib */; };
		4867548D248A295400F9982E /* HomeViewController.xib in Resources */ = {isa = PBXBuildFile; fileRef = 48675471248A295300F9982E /* HomeViewController.xib */; };
		4867548E248A295400F9982E /* HomeViewController.swift in Sources */ = {isa = PBXBuildFile; fileRef = 48675472248A295300F9982E /* HomeViewController.swift */; };
		4867548F248A295400F9982E /* HomeViewController.swift in Sources */ = {isa = PBXBuildFile; fileRef = 48675472248A295300F9982E /* HomeViewController.swift */; };
		48675490248A295400F9982E /* HomeViewController.swift in Sources */ = {isa = PBXBuildFile; fileRef = 48675472248A295300F9982E /* HomeViewController.swift */; };
		48675491248A295400F9982E /* RightMenuViewController.swift in Sources */ = {isa = PBXBuildFile; fileRef = 48675474248A295300F9982E /* RightMenuViewController.swift */; };
		48675492248A295400F9982E /* RightMenuViewController.swift in Sources */ = {isa = PBXBuildFile; fileRef = 48675474248A295300F9982E /* RightMenuViewController.swift */; };
		48675493248A295400F9982E /* RightMenuViewController.swift in Sources */ = {isa = PBXBuildFile; fileRef = 48675474248A295300F9982E /* RightMenuViewController.swift */; };
		48675494248A295400F9982E /* RightMenuViewController.xib in Resources */ = {isa = PBXBuildFile; fileRef = 48675475248A295300F9982E /* RightMenuViewController.xib */; };
		48675495248A295400F9982E /* RightMenuViewController.xib in Resources */ = {isa = PBXBuildFile; fileRef = 48675475248A295300F9982E /* RightMenuViewController.xib */; };
		48675496248A295400F9982E /* RightMenuViewController.xib in Resources */ = {isa = PBXBuildFile; fileRef = 48675475248A295300F9982E /* RightMenuViewController.xib */; };
		48675497248A295400F9982E /* LeftMenuViewController.xib in Resources */ = {isa = PBXBuildFile; fileRef = 48675477248A295300F9982E /* LeftMenuViewController.xib */; };
		48675498248A295400F9982E /* LeftMenuViewController.xib in Resources */ = {isa = PBXBuildFile; fileRef = 48675477248A295300F9982E /* LeftMenuViewController.xib */; };
		48675499248A295400F9982E /* LeftMenuViewController.xib in Resources */ = {isa = PBXBuildFile; fileRef = 48675477248A295300F9982E /* LeftMenuViewController.xib */; };
		4867549A248A295400F9982E /* LeftMenuViewController.swift in Sources */ = {isa = PBXBuildFile; fileRef = 48675478248A295300F9982E /* LeftMenuViewController.swift */; };
		4867549B248A295400F9982E /* LeftMenuViewController.swift in Sources */ = {isa = PBXBuildFile; fileRef = 48675478248A295300F9982E /* LeftMenuViewController.swift */; };
		4867549C248A295400F9982E /* LeftMenuViewController.swift in Sources */ = {isa = PBXBuildFile; fileRef = 48675478248A295300F9982E /* LeftMenuViewController.swift */; };
		4867549D248A295400F9982E /* BaseViewController.swift in Sources */ = {isa = PBXBuildFile; fileRef = 4867547B248A295400F9982E /* BaseViewController.swift */; };
		4867549E248A295400F9982E /* BaseViewController.swift in Sources */ = {isa = PBXBuildFile; fileRef = 4867547B248A295400F9982E /* BaseViewController.swift */; };
		4867549F248A295400F9982E /* BaseViewController.swift in Sources */ = {isa = PBXBuildFile; fileRef = 4867547B248A295400F9982E /* BaseViewController.swift */; };
		486754A0248A295400F9982E /* MovieViewController.swift in Sources */ = {isa = PBXBuildFile; fileRef = 4867547D248A295400F9982E /* MovieViewController.swift */; };
		486754A1248A295400F9982E /* MovieViewController.swift in Sources */ = {isa = PBXBuildFile; fileRef = 4867547D248A295400F9982E /* MovieViewController.swift */; };
		486754A2248A295400F9982E /* MovieViewController.swift in Sources */ = {isa = PBXBuildFile; fileRef = 4867547D248A295400F9982E /* MovieViewController.swift */; };
		486754A3248A295400F9982E /* MovieViewController.xib in Resources */ = {isa = PBXBuildFile; fileRef = 4867547E248A295400F9982E /* MovieViewController.xib */; };
		486754A4248A295400F9982E /* MovieViewController.xib in Resources */ = {isa = PBXBuildFile; fileRef = 4867547E248A295400F9982E /* MovieViewController.xib */; };
		486754A5248A295400F9982E /* MovieViewController.xib in Resources */ = {isa = PBXBuildFile; fileRef = 4867547E248A295400F9982E /* MovieViewController.xib */; };
		486754A9248A2AA700F9982E /* NotificationsViewController.swift in Sources */ = {isa = PBXBuildFile; fileRef = 486754A7248A2AA700F9982E /* NotificationsViewController.swift */; };
		486754AA248A2AA700F9982E /* NotificationsViewController.swift in Sources */ = {isa = PBXBuildFile; fileRef = 486754A7248A2AA700F9982E /* NotificationsViewController.swift */; };
		486754AB248A2AA700F9982E /* NotificationsViewController.swift in Sources */ = {isa = PBXBuildFile; fileRef = 486754A7248A2AA700F9982E /* NotificationsViewController.swift */; };
		486754AC248A2AA700F9982E /* NotificationsViewController.xib in Resources */ = {isa = PBXBuildFile; fileRef = 486754A8248A2AA700F9982E /* NotificationsViewController.xib */; };
		486754AD248A2AA700F9982E /* NotificationsViewController.xib in Resources */ = {isa = PBXBuildFile; fileRef = 486754A8248A2AA700F9982E /* NotificationsViewController.xib */; };
		486754AE248A2AA700F9982E /* NotificationsViewController.xib in Resources */ = {isa = PBXBuildFile; fileRef = 486754A8248A2AA700F9982E /* NotificationsViewController.xib */; };
		48A1E8AE2483A1A300E7ACE7 /* AppDelegate.swift in Sources */ = {isa = PBXBuildFile; fileRef = 48A1E8AD2483A1A300E7ACE7 /* AppDelegate.swift */; };
		48A1E8B72483A1A500E7ACE7 /* Assets.xcassets in Resources */ = {isa = PBXBuildFile; fileRef = 48A1E8B62483A1A500E7ACE7 /* Assets.xcassets */; };
		48A1E8BA2483A1A500E7ACE7 /* LaunchScreen.storyboard in Resources */ = {isa = PBXBuildFile; fileRef = 48A1E8B82483A1A500E7ACE7 /* LaunchScreen.storyboard */; };
		48A1E8C52483A1A500E7ACE7 /* simpleappTests.swift in Sources */ = {isa = PBXBuildFile; fileRef = 48A1E8C42483A1A500E7ACE7 /* simpleappTests.swift */; };
		48A1E8D02483A1A500E7ACE7 /* simpleappUITests.swift in Sources */ = {isa = PBXBuildFile; fileRef = 48A1E8CF2483A1A500E7ACE7 /* simpleappUITests.swift */; };
		48A1E8F02483ABA600E7ACE7 /* AppRouter.swift in Sources */ = {isa = PBXBuildFile; fileRef = 48A1E8EF2483ABA600E7ACE7 /* AppRouter.swift */; };
		48A1E8F12483ABA600E7ACE7 /* AppRouter.swift in Sources */ = {isa = PBXBuildFile; fileRef = 48A1E8EF2483ABA600E7ACE7 /* AppRouter.swift */; };
		48A1E8F22483ABA600E7ACE7 /* AppRouter.swift in Sources */ = {isa = PBXBuildFile; fileRef = 48A1E8EF2483ABA600E7ACE7 /* AppRouter.swift */; };
		48A1E8F62483F7E700E7ACE7 /* MainTabbar.swift in Sources */ = {isa = PBXBuildFile; fileRef = 48A1E8F52483F7E700E7ACE7 /* MainTabbar.swift */; };
		48A1E8F72483F7E700E7ACE7 /* MainTabbar.swift in Sources */ = {isa = PBXBuildFile; fileRef = 48A1E8F52483F7E700E7ACE7 /* MainTabbar.swift */; };
		48A1E8F82483F7E700E7ACE7 /* MainTabbar.swift in Sources */ = {isa = PBXBuildFile; fileRef = 48A1E8F52483F7E700E7ACE7 /* MainTabbar.swift */; };
/* End PBXBuildFile section */

/* Begin PBXContainerItemProxy section */
		48A1E8C12483A1A500E7ACE7 /* PBXContainerItemProxy */ = {
			isa = PBXContainerItemProxy;
			containerPortal = 48A1E8A22483A1A300E7ACE7 /* Project object */;
			proxyType = 1;
			remoteGlobalIDString = 48A1E8A92483A1A300E7ACE7;
			remoteInfo = simpleapp;
		};
		48A1E8CC2483A1A500E7ACE7 /* PBXContainerItemProxy */ = {
			isa = PBXContainerItemProxy;
			containerPortal = 48A1E8A22483A1A300E7ACE7 /* Project object */;
			proxyType = 1;
			remoteGlobalIDString = 48A1E8A92483A1A300E7ACE7;
			remoteInfo = simpleapp;
		};
/* End PBXContainerItemProxy section */

/* Begin PBXFileReference section */
		48675424248A224200F9982E /* UIViewController+Utilities.swift */ = {isa = PBXFileReference; lastKnownFileType = sourcecode.swift; path = "UIViewController+Utilities.swift"; sourceTree = "<group>"; };
		4867546A248A295200F9982E /* LoginViewController.xib */ = {isa = PBXFileReference; fileEncoding = 4; lastKnownFileType = file.xib; path = LoginViewController.xib; sourceTree = "<group>"; };
		4867546B248A295200F9982E /* LoginViewController.swift */ = {isa = PBXFileReference; fileEncoding = 4; lastKnownFileType = sourcecode.swift; path = LoginViewController.swift; sourceTree = "<group>"; };
		4867546D248A295200F9982E /* RegistUserViewController.swift */ = {isa = PBXFileReference; fileEncoding = 4; lastKnownFileType = sourcecode.swift; path = RegistUserViewController.swift; sourceTree = "<group>"; };
		4867546E248A295200F9982E /* RegistUserViewController.xib */ = {isa = PBXFileReference; fileEncoding = 4; lastKnownFileType = file.xib; path = RegistUserViewController.xib; sourceTree = "<group>"; };
		48675471248A295300F9982E /* HomeViewController.xib */ = {isa = PBXFileReference; fileEncoding = 4; lastKnownFileType = file.xib; path = HomeViewController.xib; sourceTree = "<group>"; };
		48675472248A295300F9982E /* HomeViewController.swift */ = {isa = PBXFileReference; fileEncoding = 4; lastKnownFileType = sourcecode.swift; path = HomeViewController.swift; sourceTree = "<group>"; };
		48675474248A295300F9982E /* RightMenuViewController.swift */ = {isa = PBXFileReference; fileEncoding = 4; lastKnownFileType = sourcecode.swift; path = RightMenuViewController.swift; sourceTree = "<group>"; };
		48675475248A295300F9982E /* RightMenuViewController.xib */ = {isa = PBXFileReference; fileEncoding = 4; lastKnownFileType = file.xib; path = RightMenuViewController.xib; sourceTree = "<group>"; };
		48675477248A295300F9982E /* LeftMenuViewController.xib */ = {isa = PBXFileReference; fileEncoding = 4; lastKnownFileType = file.xib; path = LeftMenuViewController.xib; sourceTree = "<group>"; };
		48675478248A295300F9982E /* LeftMenuViewController.swift */ = {isa = PBXFileReference; fileEncoding = 4; lastKnownFileType = sourcecode.swift; path = LeftMenuViewController.swift; sourceTree = "<group>"; };
		4867547B248A295400F9982E /* BaseViewController.swift */ = {isa = PBXFileReference; fileEncoding = 4; lastKnownFileType = sourcecode.swift; path = BaseViewController.swift; sourceTree = "<group>"; };
		4867547D248A295400F9982E /* MovieViewController.swift */ = {isa = PBXFileReference; fileEncoding = 4; lastKnownFileType = sourcecode.swift; path = MovieViewController.swift; sourceTree = "<group>"; };
		4867547E248A295400F9982E /* MovieViewController.xib */ = {isa = PBXFileReference; fileEncoding = 4; lastKnownFileType = file.xib; path = MovieViewController.xib; sourceTree = "<group>"; };
		486754A7248A2AA700F9982E /* NotificationsViewController.swift */ = {isa = PBXFileReference; lastKnownFileType = sourcecode.swift; path = NotificationsViewController.swift; sourceTree = "<group>"; };
		486754A8248A2AA700F9982E /* NotificationsViewController.xib */ = {isa = PBXFileReference; lastKnownFileType = file.xib; path = NotificationsViewController.xib; sourceTree = "<group>"; };
		48A1E8AA2483A1A300E7ACE7 /* simpleapp.app */ = {isa = PBXFileReference; explicitFileType = wrapper.application; includeInIndex = 0; path = simpleapp.app; sourceTree = BUILT_PRODUCTS_DIR; };
		48A1E8AD2483A1A300E7ACE7 /* AppDelegate.swift */ = {isa = PBXFileReference; lastKnownFileType = sourcecode.swift; path = AppDelegate.swift; sourceTree = "<group>"; };
		48A1E8B62483A1A500E7ACE7 /* Assets.xcassets */ = {isa = PBXFileReference; lastKnownFileType = folder.assetcatalog; path = Assets.xcassets; sourceTree = "<group>"; };
		48A1E8B92483A1A500E7ACE7 /* Base */ = {isa = PBXFileReference; lastKnownFileType = file.storyboard; name = Base; path = Base.lproj/LaunchScreen.storyboard; sourceTree = "<group>"; };
		48A1E8BB2483A1A500E7ACE7 /* Info.plist */ = {isa = PBXFileReference; lastKnownFileType = text.plist.xml; path = Info.plist; sourceTree = "<group>"; };
		48A1E8C02483A1A500E7ACE7 /* simpleappTests.xctest */ = {isa = PBXFileReference; explicitFileType = wrapper.cfbundle; includeInIndex = 0; path = simpleappTests.xctest; sourceTree = BUILT_PRODUCTS_DIR; };
		48A1E8C42483A1A500E7ACE7 /* simpleappTests.swift */ = {isa = PBXFileReference; lastKnownFileType = sourcecode.swift; path = simpleappTests.swift; sourceTree = "<group>"; };
		48A1E8C62483A1A500E7ACE7 /* Info.plist */ = {isa = PBXFileReference; lastKnownFileType = text.plist.xml; path = Info.plist; sourceTree = "<group>"; };
		48A1E8CB2483A1A500E7ACE7 /* simpleappUITests.xctest */ = {isa = PBXFileReference; explicitFileType = wrapper.cfbundle; includeInIndex = 0; path = simpleappUITests.xctest; sourceTree = BUILT_PRODUCTS_DIR; };
		48A1E8CF2483A1A500E7ACE7 /* simpleappUITests.swift */ = {isa = PBXFileReference; lastKnownFileType = sourcecode.swift; path = simpleappUITests.swift; sourceTree = "<group>"; };
		48A1E8D12483A1A500E7ACE7 /* Info.plist */ = {isa = PBXFileReference; lastKnownFileType = text.plist.xml; path = Info.plist; sourceTree = "<group>"; };
		48A1E8EF2483ABA600E7ACE7 /* AppRouter.swift */ = {isa = PBXFileReference; lastKnownFileType = sourcecode.swift; path = AppRouter.swift; sourceTree = "<group>"; };
		48A1E8F52483F7E700E7ACE7 /* MainTabbar.swift */ = {isa = PBXFileReference; lastKnownFileType = sourcecode.swift; path = MainTabbar.swift; sourceTree = "<group>"; };
/* End PBXFileReference section */

/* Begin PBXFrameworksBuildPhase section */
		48A1E8A72483A1A300E7ACE7 /* Frameworks */ = {
			isa = PBXFrameworksBuildPhase;
			buildActionMask = 2147483647;
			files = (
			);
			runOnlyForDeploymentPostprocessing = 0;
		};
		48A1E8BD2483A1A500E7ACE7 /* Frameworks */ = {
			isa = PBXFrameworksBuildPhase;
			buildActionMask = 2147483647;
			files = (
			);
			runOnlyForDeploymentPostprocessing = 0;
		};
		48A1E8C82483A1A500E7ACE7 /* Frameworks */ = {
			isa = PBXFrameworksBuildPhase;
			buildActionMask = 2147483647;
			files = (
			);
			runOnlyForDeploymentPostprocessing = 0;
		};
/* End PBXFrameworksBuildPhase section */

/* Begin PBXGroup section */
		48675423248A223100F9982E /* Extensions */ = {
			isa = PBXGroup;
			children = (
				48675424248A224200F9982E /* UIViewController+Utilities.swift */,
			);
			path = Extensions;
			sourceTree = "<group>";
		};
		48675428248A22C900F9982E /* Coordinator */ = {
			isa = PBXGroup;
			children = (
			);
			path = Coordinator;
			sourceTree = "<group>";
		};
		48675469248A295200F9982E /* Login */ = {
			isa = PBXGroup;
			children = (
				4867546A248A295200F9982E /* LoginViewController.xib */,
				4867546B248A295200F9982E /* LoginViewController.swift */,
			);
			path = Login;
			sourceTree = "<group>";
		};
		4867546C248A295200F9982E /* RegistUser */ = {
			isa = PBXGroup;
			children = (
				4867546D248A295200F9982E /* RegistUserViewController.swift */,
				4867546E248A295200F9982E /* RegistUserViewController.xib */,
			);
			path = RegistUser;
			sourceTree = "<group>";
		};
		4867546F248A295300F9982E /* More */ = {
			isa = PBXGroup;
			children = (
			);
			path = More;
			sourceTree = "<group>";
		};
		48675470248A295300F9982E /* Home */ = {
			isa = PBXGroup;
			children = (
				48675471248A295300F9982E /* HomeViewController.xib */,
				48675472248A295300F9982E /* HomeViewController.swift */,
			);
			path = Home;
			sourceTree = "<group>";
		};
		48675473248A295300F9982E /* RightMenu */ = {
			isa = PBXGroup;
			children = (
				48675474248A295300F9982E /* RightMenuViewController.swift */,
				48675475248A295300F9982E /* RightMenuViewController.xib */,
			);
			path = RightMenu;
			sourceTree = "<group>";
		};
		48675476248A295300F9982E /* LeftMenu */ = {
			isa = PBXGroup;
			children = (
				48675477248A295300F9982E /* LeftMenuViewController.xib */,
				48675478248A295300F9982E /* LeftMenuViewController.swift */,
			);
			path = LeftMenu;
			sourceTree = "<group>";
		};
		48675479248A295400F9982E /* Group */ = {
			isa = PBXGroup;
			children = (
			);
			path = Group;
			sourceTree = "<group>";
		};
		4867547A248A295400F9982E /* Base */ = {
			isa = PBXGroup;
			children = (
				4867547B248A295400F9982E /* BaseViewController.swift */,
			);
			path = Base;
			sourceTree = "<group>";
		};
		4867547C248A295400F9982E /* Movie */ = {
			isa = PBXGroup;
			children = (
				4867547D248A295400F9982E /* MovieViewController.swift */,
				4867547E248A295400F9982E /* MovieViewController.xib */,
			);
			path = Movie;
			sourceTree = "<group>";
		};
		486754A6248A2A8E00F9982E /* Notifications */ = {
			isa = PBXGroup;
			children = (
				486754A7248A2AA700F9982E /* NotificationsViewController.swift */,
				486754A8248A2AA700F9982E /* NotificationsViewController.xib */,
			);
			path = Notifications;
			sourceTree = "<group>";
		};
		48A1E8A12483A1A300E7ACE7 = {
			isa = PBXGroup;
			children = (
				48A1E8AC2483A1A300E7ACE7 /* simpleapp */,
				48A1E8C32483A1A500E7ACE7 /* simpleappTests */,
				48A1E8CE2483A1A500E7ACE7 /* simpleappUITests */,
				48A1E8AB2483A1A300E7ACE7 /* Products */,
			);
			sourceTree = "<group>";
		};
		48A1E8AB2483A1A300E7ACE7 /* Products */ = {
			isa = PBXGroup;
			children = (
				48A1E8AA2483A1A300E7ACE7 /* simpleapp.app */,
				48A1E8C02483A1A500E7ACE7 /* simpleappTests.xctest */,
				48A1E8CB2483A1A500E7ACE7 /* simpleappUITests.xctest */,
			);
			name = Products;
			sourceTree = "<group>";
		};
		48A1E8AC2483A1A300E7ACE7 /* simpleapp */ = {
			isa = PBXGroup;
			children = (
				48A1E8E22483A79900E7ACE7 /* Services */,
				48A1E8E12483A78C00E7ACE7 /* Common */,
				48675428248A22C900F9982E /* Coordinator */,
				48A1E8E52483A7DE00E7ACE7 /* Models */,
				48A1E8DF2483A76100E7ACE7 /* Views */,
				48A1E8DE2483A75800E7ACE7 /* Controllers */,
				48A1E8E02483A78000E7ACE7 /* Resources */,
				48A1E8E32483A7AC00E7ACE7 /* Launch */,
				48A1E8BB2483A1A500E7ACE7 /* Info.plist */,
			);
			path = simpleapp;
			sourceTree = "<group>";
		};
		48A1E8C32483A1A500E7ACE7 /* simpleappTests */ = {
			isa = PBXGroup;
			children = (
				48A1E8C42483A1A500E7ACE7 /* simpleappTests.swift */,
				48A1E8C62483A1A500E7ACE7 /* Info.plist */,
			);
			path = simpleappTests;
			sourceTree = "<group>";
		};
		48A1E8CE2483A1A500E7ACE7 /* simpleappUITests */ = {
			isa = PBXGroup;
			children = (
				48A1E8CF2483A1A500E7ACE7 /* simpleappUITests.swift */,
				48A1E8D12483A1A500E7ACE7 /* Info.plist */,
			);
			path = simpleappUITests;
			sourceTree = "<group>";
		};
		48A1E8DD2483A74800E7ACE7 /* Helper */ = {
			isa = PBXGroup;
			children = (
				48A1E8EF2483ABA600E7ACE7 /* AppRouter.swift */,
				48A1E8F52483F7E700E7ACE7 /* MainTabbar.swift */,
			);
			path = Helper;
			sourceTree = "<group>";
		};
		48A1E8DE2483A75800E7ACE7 /* Controllers */ = {
			isa = PBXGroup;
			children = (
				486754A6248A2A8E00F9982E /* Notifications */,
				4867547A248A295400F9982E /* Base */,
				48675479248A295400F9982E /* Group */,
				48675470248A295300F9982E /* Home */,
				48675476248A295300F9982E /* LeftMenu */,
				48675469248A295200F9982E /* Login */,
				4867546F248A295300F9982E /* More */,
				4867547C248A295400F9982E /* Movie */,
				4867546C248A295200F9982E /* RegistUser */,
				48675473248A295300F9982E /* RightMenu */,
			);
			path = Controllers;
			sourceTree = "<group>";
		};
		48A1E8DF2483A76100E7ACE7 /* Views */ = {
			isa = PBXGroup;
			children = (
			);
			path = Views;
			sourceTree = "<group>";
		};
		48A1E8E02483A78000E7ACE7 /* Resources */ = {
			isa = PBXGroup;
			children = (
				48A1E8B62483A1A500E7ACE7 /* Assets.xcassets */,
			);
			path = Resources;
			sourceTree = "<group>";
		};
		48A1E8E12483A78C00E7ACE7 /* Common */ = {
			isa = PBXGroup;
			children = (
				48675423248A223100F9982E /* Extensions */,
				48A1E8DD2483A74800E7ACE7 /* Helper */,
			);
			path = Common;
			sourceTree = "<group>";
		};
		48A1E8E22483A79900E7ACE7 /* Services */ = {
			isa = PBXGroup;
			children = (
			);
			path = Services;
			sourceTree = "<group>";
		};
		48A1E8E32483A7AC00E7ACE7 /* Launch */ = {
			isa = PBXGroup;
			children = (
				48A1E8B82483A1A500E7ACE7 /* LaunchScreen.storyboard */,
				48A1E8AD2483A1A300E7ACE7 /* AppDelegate.swift */,
			);
			path = Launch;
			sourceTree = "<group>";
		};
		48A1E8E52483A7DE00E7ACE7 /* Models */ = {
			isa = PBXGroup;
			children = (
			);
			path = Models;
			sourceTree = "<group>";
		};
/* End PBXGroup section */

/* Begin PBXNativeTarget section */
		48A1E8A92483A1A300E7ACE7 /* simpleapp */ = {
			isa = PBXNativeTarget;
			buildConfigurationList = 48A1E8D42483A1A500E7ACE7 /* Build configuration list for PBXNativeTarget "simpleapp" */;
			buildPhases = (
				48A1E8A62483A1A300E7ACE7 /* Sources */,
				48A1E8A72483A1A300E7ACE7 /* Frameworks */,
				48A1E8A82483A1A300E7ACE7 /* Resources */,
			);
			buildRules = (
			);
			dependencies = (
			);
			name = simpleapp;
			productName = simpleapp;
			productReference = 48A1E8AA2483A1A300E7ACE7 /* simpleapp.app */;
			productType = "com.apple.product-type.application";
		};
		48A1E8BF2483A1A500E7ACE7 /* simpleappTests */ = {
			isa = PBXNativeTarget;
			buildConfigurationList = 48A1E8D72483A1A500E7ACE7 /* Build configuration list for PBXNativeTarget "simpleappTests" */;
			buildPhases = (
				48A1E8BC2483A1A500E7ACE7 /* Sources */,
				48A1E8BD2483A1A500E7ACE7 /* Frameworks */,
				48A1E8BE2483A1A500E7ACE7 /* Resources */,
			);
			buildRules = (
			);
			dependencies = (
				48A1E8C22483A1A500E7ACE7 /* PBXTargetDependency */,
			);
			name = simpleappTests;
			productName = simpleappTests;
			productReference = 48A1E8C02483A1A500E7ACE7 /* simpleappTests.xctest */;
			productType = "com.apple.product-type.bundle.unit-test";
		};
		48A1E8CA2483A1A500E7ACE7 /* simpleappUITests */ = {
			isa = PBXNativeTarget;
			buildConfigurationList = 48A1E8DA2483A1A500E7ACE7 /* Build configuration list for PBXNativeTarget "simpleappUITests" */;
			buildPhases = (
				48A1E8C72483A1A500E7ACE7 /* Sources */,
				48A1E8C82483A1A500E7ACE7 /* Frameworks */,
				48A1E8C92483A1A500E7ACE7 /* Resources */,
			);
			buildRules = (
			);
			dependencies = (
				48A1E8CD2483A1A500E7ACE7 /* PBXTargetDependency */,
			);
			name = simpleappUITests;
			productName = simpleappUITests;
			productReference = 48A1E8CB2483A1A500E7ACE7 /* simpleappUITests.xctest */;
			productType = "com.apple.product-type.bundle.ui-testing";
		};
/* End PBXNativeTarget section */

/* Begin PBXProject section */
		48A1E8A22483A1A300E7ACE7 /* Project object */ = {
			isa = PBXProject;
			attributes = {
				LastSwiftUpdateCheck = 1120;
				LastUpgradeCheck = 1120;
				ORGANIZATIONNAME = "VITALIFY ASIA";
				TargetAttributes = {
					48A1E8A92483A1A300E7ACE7 = {
						CreatedOnToolsVersion = 11.2.1;
					};
					48A1E8BF2483A1A500E7ACE7 = {
						CreatedOnToolsVersion = 11.2.1;
						TestTargetID = 48A1E8A92483A1A300E7ACE7;
					};
					48A1E8CA2483A1A500E7ACE7 = {
						CreatedOnToolsVersion = 11.2.1;
						TestTargetID = 48A1E8A92483A1A300E7ACE7;
					};
				};
			};
			buildConfigurationList = 48A1E8A52483A1A300E7ACE7 /* Build configuration list for PBXProject "simpleapp" */;
			compatibilityVersion = "Xcode 9.3";
			developmentRegion = en;
			hasScannedForEncodings = 0;
			knownRegions = (
				en,
				Base,
			);
			mainGroup = 48A1E8A12483A1A300E7ACE7;
			productRefGroup = 48A1E8AB2483A1A300E7ACE7 /* Products */;
			projectDirPath = "";
			projectRoot = "";
			targets = (
				48A1E8A92483A1A300E7ACE7 /* simpleapp */,
				48A1E8BF2483A1A500E7ACE7 /* simpleappTests */,
				48A1E8CA2483A1A500E7ACE7 /* simpleappUITests */,
			);
		};
/* End PBXProject section */

/* Begin PBXResourcesBuildPhase section */
		48A1E8A82483A1A300E7ACE7 /* Resources */ = {
			isa = PBXResourcesBuildPhase;
			buildActionMask = 2147483647;
			files = (
				48A1E8BA2483A1A500E7ACE7 /* LaunchScreen.storyboard in Resources */,
				48675488248A295400F9982E /* RegistUserViewController.xib in Resources */,
				4867548B248A295400F9982E /* HomeViewController.xib in Resources */,
				48A1E8B72483A1A500E7ACE7 /* Assets.xcassets in Resources */,
				48675494248A295400F9982E /* RightMenuViewController.xib in Resources */,
				48675497248A295400F9982E /* LeftMenuViewController.xib in Resources */,
				486754AC248A2AA700F9982E /* NotificationsViewController.xib in Resources */,
				4867547F248A295400F9982E /* LoginViewController.xib in Resources */,
				486754A3248A295400F9982E /* MovieViewController.xib in Resources */,
			);
			runOnlyForDeploymentPostprocessing = 0;
		};
		48A1E8BE2483A1A500E7ACE7 /* Resources */ = {
			isa = PBXResourcesBuildPhase;
			buildActionMask = 2147483647;
			files = (
				486754AD248A2AA700F9982E /* NotificationsViewController.xib in Resources */,
				48675480248A295400F9982E /* LoginViewController.xib in Resources */,
				48675489248A295400F9982E /* RegistUserViewController.xib in Resources */,
				48675495248A295400F9982E /* RightMenuViewController.xib in Resources */,
				486754A4248A295400F9982E /* MovieViewController.xib in Resources */,
				48675498248A295400F9982E /* LeftMenuViewController.xib in Resources */,
				4867548C248A295400F9982E /* HomeViewController.xib in Resources */,
			);
			runOnlyForDeploymentPostprocessing = 0;
		};
		48A1E8C92483A1A500E7ACE7 /* Resources */ = {
			isa = PBXResourcesBuildPhase;
			buildActionMask = 2147483647;
			files = (
				486754AE248A2AA700F9982E /* NotificationsViewController.xib in Resources */,
				48675481248A295400F9982E /* LoginViewController.xib in Resources */,
				4867548A248A295400F9982E /* RegistUserViewController.xib in Resources */,
				48675496248A295400F9982E /* RightMenuViewController.xib in Resources */,
				486754A5248A295400F9982E /* MovieViewController.xib in Resources */,
				48675499248A295400F9982E /* LeftMenuViewController.xib in Resources */,
				4867548D248A295400F9982E /* HomeViewController.xib in Resources */,
			);
			runOnlyForDeploymentPostprocessing = 0;
		};
/* End PBXResourcesBuildPhase section */

/* Begin PBXSourcesBuildPhase section */
		48A1E8A62483A1A300E7ACE7 /* Sources */ = {
			isa = PBXSourcesBuildPhase;
			buildActionMask = 2147483647;
			files = (
				48675425248A224200F9982E /* UIViewController+Utilities.swift in Sources */,
				48A1E8F62483F7E700E7ACE7 /* MainTabbar.swift in Sources */,
				486754A0248A295400F9982E /* MovieViewController.swift in Sources */,
				486754A9248A2AA700F9982E /* NotificationsViewController.swift in Sources */,
				48675491248A295400F9982E /* RightMenuViewController.swift in Sources */,
				48A1E8AE2483A1A300E7ACE7 /* AppDelegate.swift in Sources */,
				48675482248A295400F9982E /* LoginViewController.swift in Sources */,
				4867549D248A295400F9982E /* BaseViewController.swift in Sources */,
				4867549A248A295400F9982E /* LeftMenuViewController.swift in Sources */,
				48A1E8F02483ABA600E7ACE7 /* AppRouter.swift in Sources */,
				4867548E248A295400F9982E /* HomeViewController.swift in Sources */,
				48675485248A295400F9982E /* RegistUserViewController.swift in Sources */,
			);
			runOnlyForDeploymentPostprocessing = 0;
		};
		48A1E8BC2483A1A500E7ACE7 /* Sources */ = {
			isa = PBXSourcesBuildPhase;
			buildActionMask = 2147483647;
			files = (
				48675426248A224200F9982E /* UIViewController+Utilities.swift in Sources */,
				48A1E8F72483F7E700E7ACE7 /* MainTabbar.swift in Sources */,
				486754A1248A295400F9982E /* MovieViewController.swift in Sources */,
				486754AA248A2AA700F9982E /* NotificationsViewController.swift in Sources */,
				48675492248A295400F9982E /* RightMenuViewController.swift in Sources */,
				48A1E8C52483A1A500E7ACE7 /* simpleappTests.swift in Sources */,
				48675483248A295400F9982E /* LoginViewController.swift in Sources */,
				4867549E248A295400F9982E /* BaseViewController.swift in Sources */,
				4867549B248A295400F9982E /* LeftMenuViewController.swift in Sources */,
				48A1E8F12483ABA600E7ACE7 /* AppRouter.swift in Sources */,
				4867548F248A295400F9982E /* HomeViewController.swift in Sources */,
				48675486248A295400F9982E /* RegistUserViewController.swift in Sources */,
			);
			runOnlyForDeploymentPostprocessing = 0;
		};
		48A1E8C72483A1A500E7ACE7 /* Sources */ = {
			isa = PBXSourcesBuildPhase;
			buildActionMask = 2147483647;
			files = (
				48675427248A224200F9982E /* UIViewController+Utilities.swift in Sources */,
				48A1E8F82483F7E700E7ACE7 /* MainTabbar.swift in Sources */,
				486754A2248A295400F9982E /* MovieViewController.swift in Sources */,
				486754AB248A2AA700F9982E /* NotificationsViewController.swift in Sources */,
				48675493248A295400F9982E /* RightMenuViewController.swift in Sources */,
				48A1E8D02483A1A500E7ACE7 /* simpleappUITests.swift in Sources */,
				48675484248A295400F9982E /* LoginViewController.swift in Sources */,
				4867549F248A295400F9982E /* BaseViewController.swift in Sources */,
				4867549C248A295400F9982E /* LeftMenuViewController.swift in Sources */,
				48A1E8F22483ABA600E7ACE7 /* AppRouter.swift in Sources */,
				48675490248A295400F9982E /* HomeViewController.swift in Sources */,
				48675487248A295400F9982E /* RegistUserViewController.swift in Sources */,
			);
			runOnlyForDeploymentPostprocessing = 0;
		};
/* End PBXSourcesBuildPhase section */

/* Begin PBXTargetDependency section */
		48A1E8C22483A1A500E7ACE7 /* PBXTargetDependency */ = {
			isa = PBXTargetDependency;
			target = 48A1E8A92483A1A300E7ACE7 /* simpleapp */;
			targetProxy = 48A1E8C12483A1A500E7ACE7 /* PBXContainerItemProxy */;
		};
		48A1E8CD2483A1A500E7ACE7 /* PBXTargetDependency */ = {
			isa = PBXTargetDependency;
			target = 48A1E8A92483A1A300E7ACE7 /* simpleapp */;
			targetProxy = 48A1E8CC2483A1A500E7ACE7 /* PBXContainerItemProxy */;
		};
/* End PBXTargetDependency section */

/* Begin PBXVariantGroup section */
		48A1E8B82483A1A500E7ACE7 /* LaunchScreen.storyboard */ = {
			isa = PBXVariantGroup;
			children = (
				48A1E8B92483A1A500E7ACE7 /* Base */,
			);
			name = LaunchScreen.storyboard;
			sourceTree = "<group>";
		};
/* End PBXVariantGroup section */

/* Begin XCBuildConfiguration section */
		48A1E8D22483A1A500E7ACE7 /* Debug */ = {
			isa = XCBuildConfiguration;
			buildSettings = {
				ALWAYS_SEARCH_USER_PATHS = NO;
				CLANG_ANALYZER_NONNULL = YES;
				CLANG_ANALYZER_NUMBER_OBJECT_CONVERSION = YES_AGGRESSIVE;
				CLANG_CXX_LANGUAGE_STANDARD = "gnu++14";
				CLANG_CXX_LIBRARY = "libc++";
				CLANG_ENABLE_MODULES = YES;
				CLANG_ENABLE_OBJC_ARC = YES;
				CLANG_ENABLE_OBJC_WEAK = YES;
				CLANG_WARN_BLOCK_CAPTURE_AUTORELEASING = YES;
				CLANG_WARN_BOOL_CONVERSION = YES;
				CLANG_WARN_COMMA = YES;
				CLANG_WARN_CONSTANT_CONVERSION = YES;
				CLANG_WARN_DEPRECATED_OBJC_IMPLEMENTATIONS = YES;
				CLANG_WARN_DIRECT_OBJC_ISA_USAGE = YES_ERROR;
				CLANG_WARN_DOCUMENTATION_COMMENTS = YES;
				CLANG_WARN_EMPTY_BODY = YES;
				CLANG_WARN_ENUM_CONVERSION = YES;
				CLANG_WARN_INFINITE_RECURSION = YES;
				CLANG_WARN_INT_CONVERSION = YES;
				CLANG_WARN_NON_LITERAL_NULL_CONVERSION = YES;
				CLANG_WARN_OBJC_IMPLICIT_RETAIN_SELF = YES;
				CLANG_WARN_OBJC_LITERAL_CONVERSION = YES;
				CLANG_WARN_OBJC_ROOT_CLASS = YES_ERROR;
				CLANG_WARN_RANGE_LOOP_ANALYSIS = YES;
				CLANG_WARN_STRICT_PROTOTYPES = YES;
				CLANG_WARN_SUSPICIOUS_MOVE = YES;
				CLANG_WARN_UNGUARDED_AVAILABILITY = YES_AGGRESSIVE;
				CLANG_WARN_UNREACHABLE_CODE = YES;
				CLANG_WARN__DUPLICATE_METHOD_MATCH = YES;
				COPY_PHASE_STRIP = NO;
				DEBUG_INFORMATION_FORMAT = dwarf;
				ENABLE_STRICT_OBJC_MSGSEND = YES;
				ENABLE_TESTABILITY = YES;
				GCC_C_LANGUAGE_STANDARD = gnu11;
				GCC_DYNAMIC_NO_PIC = NO;
				GCC_NO_COMMON_BLOCKS = YES;
				GCC_OPTIMIZATION_LEVEL = 0;
				GCC_PREPROCESSOR_DEFINITIONS = (
					"DEBUG=1",
					"$(inherited)",
				);
				GCC_WARN_64_TO_32_BIT_CONVERSION = YES;
				GCC_WARN_ABOUT_RETURN_TYPE = YES_ERROR;
				GCC_WARN_UNDECLARED_SELECTOR = YES;
				GCC_WARN_UNINITIALIZED_AUTOS = YES_AGGRESSIVE;
				GCC_WARN_UNUSED_FUNCTION = YES;
				GCC_WARN_UNUSED_VARIABLE = YES;
				IPHONEOS_DEPLOYMENT_TARGET = 13.2;
				MTL_ENABLE_DEBUG_INFO = INCLUDE_SOURCE;
				MTL_FAST_MATH = YES;
				ONLY_ACTIVE_ARCH = YES;
				SDKROOT = iphoneos;
				SWIFT_ACTIVE_COMPILATION_CONDITIONS = DEBUG;
				SWIFT_OPTIMIZATION_LEVEL = "-Onone";
			};
			name = Debug;
		};
		48A1E8D32483A1A500E7ACE7 /* Release */ = {
			isa = XCBuildConfiguration;
			buildSettings = {
				ALWAYS_SEARCH_USER_PATHS = NO;
				CLANG_ANALYZER_NONNULL = YES;
				CLANG_ANALYZER_NUMBER_OBJECT_CONVERSION = YES_AGGRESSIVE;
				CLANG_CXX_LANGUAGE_STANDARD = "gnu++14";
				CLANG_CXX_LIBRARY = "libc++";
				CLANG_ENABLE_MODULES = YES;
				CLANG_ENABLE_OBJC_ARC = YES;
				CLANG_ENABLE_OBJC_WEAK = YES;
				CLANG_WARN_BLOCK_CAPTURE_AUTORELEASING = YES;
				CLANG_WARN_BOOL_CONVERSION = YES;
				CLANG_WARN_COMMA = YES;
				CLANG_WARN_CONSTANT_CONVERSION = YES;
				CLANG_WARN_DEPRECATED_OBJC_IMPLEMENTATIONS = YES;
				CLANG_WARN_DIRECT_OBJC_ISA_USAGE = YES_ERROR;
				CLANG_WARN_DOCUMENTATION_COMMENTS = YES;
				CLANG_WARN_EMPTY_BODY = YES;
				CLANG_WARN_ENUM_CONVERSION = YES;
				CLANG_WARN_INFINITE_RECURSION = YES;
				CLANG_WARN_INT_CONVERSION = YES;
				CLANG_WARN_NON_LITERAL_NULL_CONVERSION = YES;
				CLANG_WARN_OBJC_IMPLICIT_RETAIN_SELF = YES;
				CLANG_WARN_OBJC_LITERAL_CONVERSION = YES;
				CLANG_WARN_OBJC_ROOT_CLASS = YES_ERROR;
				CLANG_WARN_RANGE_LOOP_ANALYSIS = YES;
				CLANG_WARN_STRICT_PROTOTYPES = YES;
				CLANG_WARN_SUSPICIOUS_MOVE = YES;
				CLANG_WARN_UNGUARDED_AVAILABILITY = YES_AGGRESSIVE;
				CLANG_WARN_UNREACHABLE_CODE = YES;
				CLANG_WARN__DUPLICATE_METHOD_MATCH = YES;
				COPY_PHASE_STRIP = NO;
				DEBUG_INFORMATION_FORMAT = "dwarf-with-dsym";
				ENABLE_NS_ASSERTIONS = NO;
				ENABLE_STRICT_OBJC_MSGSEND = YES;
				GCC_C_LANGUAGE_STANDARD = gnu11;
				GCC_NO_COMMON_BLOCKS = YES;
				GCC_WARN_64_TO_32_BIT_CONVERSION = YES;
				GCC_WARN_ABOUT_RETURN_TYPE = YES_ERROR;
				GCC_WARN_UNDECLARED_SELECTOR = YES;
				GCC_WARN_UNINITIALIZED_AUTOS = YES_AGGRESSIVE;
				GCC_WARN_UNUSED_FUNCTION = YES;
				GCC_WARN_UNUSED_VARIABLE = YES;
				IPHONEOS_DEPLOYMENT_TARGET = 13.2;
				MTL_ENABLE_DEBUG_INFO = NO;
				MTL_FAST_MATH = YES;
				SDKROOT = iphoneos;
				SWIFT_COMPILATION_MODE = wholemodule;
				SWIFT_OPTIMIZATION_LEVEL = "-O";
				VALIDATE_PRODUCT = YES;
			};
			name = Release;
		};
		48A1E8D52483A1A500E7ACE7 /* Debug */ = {
			isa = XCBuildConfiguration;
			buildSettings = {
				ASSETCATALOG_COMPILER_APPICON_NAME = AppIcon;
				CODE_SIGN_IDENTITY = "iPhone Developer";
				CODE_SIGN_STYLE = Manual;
				DEVELOPMENT_TEAM = 52LV6A2Q7J;
				INFOPLIST_FILE = simpleapp/Info.plist;
				IPHONEOS_DEPLOYMENT_TARGET = 10.0;
				LD_RUNPATH_SEARCH_PATHS = (
					"$(inherited)",
					"@executable_path/Frameworks",
				);
				PRODUCT_BUNDLE_IDENTIFIER = asia.vitalify.simpleapp;
				PRODUCT_NAME = "$(TARGET_NAME)";
				PROVISIONING_PROFILE_SPECIFIER = SimpleApp;
				SWIFT_VERSION = 5.0;
				TARGETED_DEVICE_FAMILY = "1,2";
			};
			name = Debug;
		};
		48A1E8D62483A1A500E7ACE7 /* Release */ = {
			isa = XCBuildConfiguration;
			buildSettings = {
				ASSETCATALOG_COMPILER_APPICON_NAME = AppIcon;
				CODE_SIGN_IDENTITY = "iPhone Developer";
				CODE_SIGN_STYLE = Manual;
				DEVELOPMENT_TEAM = 52LV6A2Q7J;
				INFOPLIST_FILE = simpleapp/Info.plist;
				IPHONEOS_DEPLOYMENT_TARGET = 10.0;
				LD_RUNPATH_SEARCH_PATHS = (
					"$(inherited)",
					"@executable_path/Frameworks",
				);
				PRODUCT_BUNDLE_IDENTIFIER = asia.vitalify.simpleapp;
				PRODUCT_NAME = "$(TARGET_NAME)";
				PROVISIONING_PROFILE_SPECIFIER = SimpleApp;
				SWIFT_VERSION = 5.0;
				TARGETED_DEVICE_FAMILY = "1,2";
			};
			name = Release;
		};
		48A1E8D82483A1A500E7ACE7 /* Debug */ = {
			isa = XCBuildConfiguration;
			buildSettings = {
				ALWAYS_EMBED_SWIFT_STANDARD_LIBRARIES = YES;
				BUNDLE_LOADER = "$(TEST_HOST)";
				CODE_SIGN_STYLE = Automatic;
				DEVELOPMENT_TEAM = 52LV6A2Q7J;
				INFOPLIST_FILE = simpleappTests/Info.plist;
				IPHONEOS_DEPLOYMENT_TARGET = 13.2;
				LD_RUNPATH_SEARCH_PATHS = (
					"$(inherited)",
					"@executable_path/Frameworks",
					"@loader_path/Frameworks",
				);
				PRODUCT_BUNDLE_IDENTIFIER = asia.vitalify.simpleappTests;
				PRODUCT_NAME = "$(TARGET_NAME)";
				SWIFT_VERSION = 5.0;
				TARGETED_DEVICE_FAMILY = "1,2";
				TEST_HOST = "$(BUILT_PRODUCTS_DIR)/simpleapp.app/simpleapp";
			};
			name = Debug;
		};
		48A1E8D92483A1A500E7ACE7 /* Release */ = {
			isa = XCBuildConfiguration;
			buildSettings = {
				ALWAYS_EMBED_SWIFT_STANDARD_LIBRARIES = YES;
				BUNDLE_LOADER = "$(TEST_HOST)";
				CODE_SIGN_STYLE = Automatic;
				DEVELOPMENT_TEAM = 52LV6A2Q7J;
				INFOPLIST_FILE = simpleappTests/Info.plist;
				IPHONEOS_DEPLOYMENT_TARGET = 13.2;
				LD_RUNPATH_SEARCH_PATHS = (
					"$(inherited)",
					"@executable_path/Frameworks",
					"@loader_path/Frameworks",
				);
				PRODUCT_BUNDLE_IDENTIFIER = asia.vitalify.simpleappTests;
				PRODUCT_NAME = "$(TARGET_NAME)";
				SWIFT_VERSION = 5.0;
				TARGETED_DEVICE_FAMILY = "1,2";
				TEST_HOST = "$(BUILT_PRODUCTS_DIR)/simpleapp.app/simpleapp";
			};
			name = Release;
		};
		48A1E8DB2483A1A500E7ACE7 /* Debug */ = {
			isa = XCBuildConfiguration;
			buildSettings = {
				ALWAYS_EMBED_SWIFT_STANDARD_LIBRARIES = YES;
				CODE_SIGN_STYLE = Automatic;
				DEVELOPMENT_TEAM = 52LV6A2Q7J;
				INFOPLIST_FILE = simpleappUITests/Info.plist;
				LD_RUNPATH_SEARCH_PATHS = (
					"$(inherited)",
					"@executable_path/Frameworks",
					"@loader_path/Frameworks",
				);
				PRODUCT_BUNDLE_IDENTIFIER = asia.vitalify.simpleappUITests;
				PRODUCT_NAME = "$(TARGET_NAME)";
				SWIFT_VERSION = 5.0;
				TARGETED_DEVICE_FAMILY = "1,2";
				TEST_TARGET_NAME = simpleapp;
			};
			name = Debug;
		};
		48A1E8DC2483A1A500E7ACE7 /* Release */ = {
			isa = XCBuildConfiguration;
			buildSettings = {
				ALWAYS_EMBED_SWIFT_STANDARD_LIBRARIES = YES;
				CODE_SIGN_STYLE = Automatic;
				DEVELOPMENT_TEAM = 52LV6A2Q7J;
				INFOPLIST_FILE = simpleappUITests/Info.plist;
				LD_RUNPATH_SEARCH_PATHS = (
					"$(inherited)",
					"@executable_path/Frameworks",
					"@loader_path/Frameworks",
				);
				PRODUCT_BUNDLE_IDENTIFIER = asia.vitalify.simpleappUITests;
				PRODUCT_NAME = "$(TARGET_NAME)";
				SWIFT_VERSION = 5.0;
				TARGETED_DEVICE_FAMILY = "1,2";
				TEST_TARGET_NAME = simpleapp;
			};
			name = Release;
		};
/* End XCBuildConfiguration section */

/* Begin XCConfigurationList section */
		48A1E8A52483A1A300E7ACE7 /* Build configuration list for PBXProject "simpleapp" */ = {
			isa = XCConfigurationList;
			buildConfigurations = (
				48A1E8D22483A1A500E7ACE7 /* Debug */,
				48A1E8D32483A1A500E7ACE7 /* Release */,
			);
			defaultConfigurationIsVisible = 0;
			defaultConfigurationName = Release;
		};
		48A1E8D42483A1A500E7ACE7 /* Build configuration list for PBXNativeTarget "simpleapp" */ = {
			isa = XCConfigurationList;
			buildConfigurations = (
				48A1E8D52483A1A500E7ACE7 /* Debug */,
				48A1E8D62483A1A500E7ACE7 /* Release */,
			);
			defaultConfigurationIsVisible = 0;
			defaultConfigurationName = Release;
		};
		48A1E8D72483A1A500E7ACE7 /* Build configuration list for PBXNativeTarget "simpleappTests" */ = {
			isa = XCConfigurationList;
			buildConfigurations = (
				48A1E8D82483A1A500E7ACE7 /* Debug */,
				48A1E8D92483A1A500E7ACE7 /* Release */,
			);
			defaultConfigurationIsVisible = 0;
			defaultConfigurationName = Release;
		};
		48A1E8DA2483A1A500E7ACE7 /* Build configuration list for PBXNativeTarget "simpleappUITests" */ = {
			isa = XCConfigurationList;
			buildConfigurations = (
				48A1E8DB2483A1A500E7ACE7 /* Debug */,
				48A1E8DC2483A1A500E7ACE7 /* Release */,
			);
			defaultConfigurationIsVisible = 0;
			defaultConfigurationName = Release;
		};
/* End XCConfigurationList section */
	};
	rootObject = 48A1E8A22483A1A300E7ACE7 /* Project object */;
}
